
Microsoft Visual Studio Solution File, Format Version 12.00
# Visual Studio Version 17
VisualStudioVersion = 17.7.34024.191
MinimumVisualStudioVersion = 10.0.40219.1
Project("{FAE04EC0-301F-11D3-BF4B-00C04F79EFBC}") = "Algorithms_Searching", "Algorithms_Searching\Algorithms_Searching.csproj", "{9740922B-A388-4857-BE31-B2813E84CD99}"
EndProject
Global
	GlobalSection(SolutionConfigurationPlatforms) = preSolution
		Debug|Any CPU = Debug|Any CPU
		Release|Any CPU = Release|Any CPU
	EndGlobalSection
	GlobalSection(ProjectConfigurationPlatforms) = postSolution
		{9740922B-A388-4857-BE31-B2813E84CD99}.Debug|Any CPU.ActiveCfg = Debug|Any CPU
		{9740922B-A388-4857-BE31-B2813E84CD99}.Debug|Any CPU.Build.0 = Debug|Any CPU
		{9740922B-A388-4857-BE31-B2813E84CD99}.Release|Any CPU.ActiveCfg = Release|Any CPU
		{9740922B-A388-4857-BE31-B2813E84CD99}.Release|Any CPU.Build.0 = Release|Any CPU
	EndGlobalSection
	GlobalSection(SolutionProperties) = preSolution
		HideSolutionNode = FALSE
	EndGlobalSection
	GlobalSection(ExtensibilityGlobals) = postSolution
		SolutionGuid = {D26B600A-D35F-4A50-89A8-9C3FA5D7B420}
	EndGlobalSection
EndGlobal
